
Microsoft Visual Studio Solution File, Format Version 12.00
# Visual Studio 14
VisualStudioVersion = 14.0.24720.0
MinimumVisualStudioVersion = 10.0.40219.1
Project("{FAE04EC0-301F-11D3-BF4B-00C04F79EFBC}") = "SimpleEventBus", "SimpleEventBus\SimpleEventBus.csproj", "{BA4DCAFE-BCA5-4696-A9FC-DE687CDCD266}"
EndProject
Project("{FAE04EC0-301F-11D3-BF4B-00C04F79EFBC}") = "SimpleBusSample", "SimpleBusTest\SimpleBusSample.csproj", "{FD957512-1472-4BA8-988C-680AC3732F84}"
EndProject
Global
	GlobalSection(SolutionConfigurationPlatforms) = preSolution
		Debug|Any CPU = Debug|Any CPU
		Release|Any CPU = Release|Any CPU
	EndGlobalSection
	GlobalSection(ProjectConfigurationPlatforms) = postSolution
		{BA4DCAFE-BCA5-4696-A9FC-DE687CDCD266}.Debug|Any CPU.ActiveCfg = Debug|Any CPU
		{BA4DCAFE-BCA5-4696-A9FC-DE687CDCD266}.Debug|Any CPU.Build.0 = Debug|Any CPU
		{BA4DCAFE-BCA5-4696-A9FC-DE687CDCD266}.Release|Any CPU.ActiveCfg = Release|Any CPU
		{BA4DCAFE-BCA5-4696-A9FC-DE687CDCD266}.Release|Any CPU.Build.0 = Release|Any CPU
		{FD957512-1472-4BA8-988C-680AC3732F84}.Debug|Any CPU.ActiveCfg = Debug|Any CPU
		{FD957512-1472-4BA8-988C-680AC3732F84}.Debug|Any CPU.Build.0 = Debug|Any CPU
		{FD957512-1472-4BA8-988C-680AC3732F84}.Release|Any CPU.ActiveCfg = Release|Any CPU
		{FD957512-1472-4BA8-988C-680AC3732F84}.Release|Any CPU.Build.0 = Release|Any CPU
	EndGlobalSection
	GlobalSection(SolutionProperties) = preSolution
		HideSolutionNode = FALSE
	EndGlobalSection
EndGlobal
